
Microsoft Visual Studio Solution File, Format Version 12.00
# Visual Studio Version 17
VisualStudioVersion = 17.1.32210.238
MinimumVisualStudioVersion = 10.0.40219.1
Project("{FAE04EC0-301F-11D3-BF4B-00C04F79EFBC}") = "SmartCard_API", "SmartCard_API.csproj", "{D700E4CF-B3CC-4540-A984-43A53BD0EEA8}"
EndProject
Global
	GlobalSection(SolutionConfigurationPlatforms) = preSolution
		Debug|Any CPU = Debug|Any CPU
		Release|Any CPU = Release|Any CPU
	EndGlobalSection
	GlobalSection(ProjectConfigurationPlatforms) = postSolution
		{D700E4CF-B3CC-4540-A984-43A53BD0EEA8}.Debug|Any CPU.ActiveCfg = Debug|Any CPU
		{D700E4CF-B3CC-4540-A984-43A53BD0EEA8}.Debug|Any CPU.Build.0 = Debug|Any CPU
		{D700E4CF-B3CC-4540-A984-43A53BD0EEA8}.Release|Any CPU.ActiveCfg = Release|Any CPU
		{D700E4CF-B3CC-4540-A984-43A53BD0EEA8}.Release|Any CPU.Build.0 = Release|Any CPU
	EndGlobalSection
	GlobalSection(SolutionProperties) = preSolution
		HideSolutionNode = FALSE
	EndGlobalSection
	GlobalSection(ExtensibilityGlobals) = postSolution
		SolutionGuid = {5B13F290-EFB2-4E1E-8466-6C22C65A5E5C}
	EndGlobalSection
EndGlobal
